// !$*UTF8*$!
{
	archiveVersion = 1;
	classes = {
	};
	objectVersion = 56;
	objects = {

/* Begin PBXBuildFile section */
		21365E362B8F02B3006CDC17 /* AppDelegate.swift in Sources */ = {isa = PBXBuildFile; fileRef = 21365E352B8F02B3006CDC17 /* AppDelegate.swift */; };
		21365E382B8F02B3006CDC17 /* SceneDelegate.swift in Sources */ = {isa = PBXBuildFile; fileRef = 21365E372B8F02B3006CDC17 /* SceneDelegate.swift */; };
		21365E3F2B8F02B6006CDC17 /* Assets.xcassets in Resources */ = {isa = PBXBuildFile; fileRef = 21365E3E2B8F02B6006CDC17 /* Assets.xcassets */; };
		21365E4A2B8F0656006CDC17 /* Constants.swift in Sources */ = {isa = PBXBuildFile; fileRef = 21365E492B8F0656006CDC17 /* Constants.swift */; };
		21365E4D2B8F09E6006CDC17 /* FirstOnboardingModel.swift in Sources */ = {isa = PBXBuildFile; fileRef = 21365E4C2B8F09E6006CDC17 /* FirstOnboardingModel.swift */; };
		21365E4F2B8F09FD006CDC17 /* FirstOnboardingPresenter.swift in Sources */ = {isa = PBXBuildFile; fileRef = 21365E4E2B8F09FD006CDC17 /* FirstOnboardingPresenter.swift */; };
		21365E512B8F0A0F006CDC17 /* FirstOnboardingViewController.swift in Sources */ = {isa = PBXBuildFile; fileRef = 21365E502B8F0A0F006CDC17 /* FirstOnboardingViewController.swift */; };
		21365E552B8F1FF6006CDC17 /* UIKitExtensions.swift in Sources */ = {isa = PBXBuildFile; fileRef = 21365E542B8F1FF6006CDC17 /* UIKitExtensions.swift */; };
		21365E5F2B8F4384006CDC17 /* ThirdOnboardingViewController.swift in Sources */ = {isa = PBXBuildFile; fileRef = 21365E5E2B8F4384006CDC17 /* ThirdOnboardingViewController.swift */; };
		21365E612B8F438F006CDC17 /* ThirdOnboardingPresenter.swift in Sources */ = {isa = PBXBuildFile; fileRef = 21365E602B8F438F006CDC17 /* ThirdOnboardingPresenter.swift */; };
		21365E632B8F4398006CDC17 /* ThirdOnboardingModel.swift in Sources */ = {isa = PBXBuildFile; fileRef = 21365E622B8F4398006CDC17 /* ThirdOnboardingModel.swift */; };
		21F4371F2B906AD5004408EF /* Launch Screen.storyboard in Resources */ = {isa = PBXBuildFile; fileRef = 21F4371E2B906AD5004408EF /* Launch Screen.storyboard */; };
		21F437212B90C894004408EF /* SkillboxActivityIndicator.swift in Sources */ = {isa = PBXBuildFile; fileRef = 21F437202B90C894004408EF /* SkillboxActivityIndicator.swift */; };
		21F437382B91071B004408EF /* LoginModel.swift in Sources */ = {isa = PBXBuildFile; fileRef = 21F437372B91071B004408EF /* LoginModel.swift */; };
		21F4373A2B910728004408EF /* LoginPresenter.swift in Sources */ = {isa = PBXBuildFile; fileRef = 21F437392B910728004408EF /* LoginPresenter.swift */; };
		21F4373C2B910735004408EF /* LoginViewController.swift in Sources */ = {isa = PBXBuildFile; fileRef = 21F4373B2B910735004408EF /* LoginViewController.swift */; };
		21F4373E2B9198B9004408EF /* DataRequest.swift in Sources */ = {isa = PBXBuildFile; fileRef = 21F4373D2B9198B9004408EF /* DataRequest.swift */; };
		21F437442B91D27D004408EF /* DataStructures.swift in Sources */ = {isa = PBXBuildFile; fileRef = 21F437432B91D27D004408EF /* DataStructures.swift */; };
		21F437472B91E106004408EF /* LastUploadedModel.swift in Sources */ = {isa = PBXBuildFile; fileRef = 21F437462B91E106004408EF /* LastUploadedModel.swift */; };
		21F437492B91E10F004408EF /* LastUploadedPresenter.swift in Sources */ = {isa = PBXBuildFile; fileRef = 21F437482B91E10F004408EF /* LastUploadedPresenter.swift */; };
		21F4374B2B91E11F004408EF /* LastUploadedViewController.swift in Sources */ = {isa = PBXBuildFile; fileRef = 21F4374A2B91E11F004408EF /* LastUploadedViewController.swift */; };
		21F4374E2B91ECDD004408EF /* DefaultTableViewCell.swift in Sources */ = {isa = PBXBuildFile; fileRef = 21F4374D2B91ECDD004408EF /* DefaultTableViewCell.swift */; };
		21F4375D2B920B83004408EF /* Files+CoreDataClass.swift in Sources */ = {isa = PBXBuildFile; fileRef = 21F4375B2B920B83004408EF /* Files+CoreDataClass.swift */; };
		21F4375E2B920B83004408EF /* Files+CoreDataProperties.swift in Sources */ = {isa = PBXBuildFile; fileRef = 21F4375C2B920B83004408EF /* Files+CoreDataProperties.swift */; };
		21F437612B9212C9004408EF /* Model.xcdatamodeld in Resources */ = {isa = PBXBuildFile; fileRef = 21F437572B920B25004408EF /* Model.xcdatamodeld */; };
		21F437642B9234D7004408EF /* AllFilesViewController.swift in Sources */ = {isa = PBXBuildFile; fileRef = 21F437632B9234D7004408EF /* AllFilesViewController.swift */; };
		21F4376A2B9244C8004408EF /* AppConfig.swift in Sources */ = {isa = PBXBuildFile; fileRef = 21F437692B9244C8004408EF /* AppConfig.swift */; };
		21F4376C2B924A10004408EF /* TabBarController.swift in Sources */ = {isa = PBXBuildFile; fileRef = 21F4376B2B924A10004408EF /* TabBarController.swift */; };
		21F4376E2B925188004408EF /* Reachability.swift in Sources */ = {isa = PBXBuildFile; fileRef = 21F4376D2B925188004408EF /* Reachability.swift */; };
		21F437782B925E8D004408EF /* SecondOnboardingPresenter.swift in Sources */ = {isa = PBXBuildFile; fileRef = 21F437752B925E8D004408EF /* SecondOnboardingPresenter.swift */; };
		21F437792B925E8D004408EF /* SecondOnboardingViewController.swift in Sources */ = {isa = PBXBuildFile; fileRef = 21F437762B925E8D004408EF /* SecondOnboardingViewController.swift */; };
		21F4377A2B925E8D004408EF /* SecondOnboardingModel.swift in Sources */ = {isa = PBXBuildFile; fileRef = 21F437772B925E8D004408EF /* SecondOnboardingModel.swift */; };
		21F4377D2B92631B004408EF /* PDFModel.swift in Sources */ = {isa = PBXBuildFile; fileRef = 21F4377C2B92631B004408EF /* PDFModel.swift */; };
		21F4377F2B926325004408EF /* PDFPresenter.swift in Sources */ = {isa = PBXBuildFile; fileRef = 21F4377E2B926325004408EF /* PDFPresenter.swift */; };
		21F437812B92632E004408EF /* PDFViewController.swift in Sources */ = {isa = PBXBuildFile; fileRef = 21F437802B92632E004408EF /* PDFViewController.swift */; };
		21F437852B93B1CA004408EF /* AllFiles+CoreDataClass.swift in Sources */ = {isa = PBXBuildFile; fileRef = 21F437832B93B1CA004408EF /* AllFiles+CoreDataClass.swift */; };
		21F437862B93B1CA004408EF /* AllFiles+CoreDataProperties.swift in Sources */ = {isa = PBXBuildFile; fileRef = 21F437842B93B1CA004408EF /* AllFiles+CoreDataProperties.swift */; };
		21F437892B94921C004408EF /* RenameModel.swift in Sources */ = {isa = PBXBuildFile; fileRef = 21F437882B94921C004408EF /* RenameModel.swift */; };
		21F4378B2B949227004408EF /* RenamePresenter.swift in Sources */ = {isa = PBXBuildFile; fileRef = 21F4378A2B949227004408EF /* RenamePresenter.swift */; };
		21F4378D2B949233004408EF /* RenameViewController.swift in Sources */ = {isa = PBXBuildFile; fileRef = 21F4378C2B949233004408EF /* RenameViewController.swift */; };
		21F437902B94AA73004408EF /* ImageModel.swift in Sources */ = {isa = PBXBuildFile; fileRef = 21F4378F2B94AA73004408EF /* ImageModel.swift */; };
		21F437922B94AA7B004408EF /* ImagePresenter.swift in Sources */ = {isa = PBXBuildFile; fileRef = 21F437912B94AA7B004408EF /* ImagePresenter.swift */; };
		21F437942B94AA89004408EF /* ImageViewController.swift in Sources */ = {isa = PBXBuildFile; fileRef = 21F437932B94AA89004408EF /* ImageViewController.swift */; };
		21F437982B94EAFF004408EF /* WebModel.swift in Sources */ = {isa = PBXBuildFile; fileRef = 21F437972B94EAFF004408EF /* WebModel.swift */; };
		21F4379A2B94EB06004408EF /* WebPresenter.swift in Sources */ = {isa = PBXBuildFile; fileRef = 21F437992B94EB06004408EF /* WebPresenter.swift */; };
		21F4379C2B94EB0D004408EF /* WebViewController.swift in Sources */ = {isa = PBXBuildFile; fileRef = 21F4379B2B94EB0D004408EF /* WebViewController.swift */; };
		21F4379E2B94EE48004408EF /* AllFilesModel.swift in Sources */ = {isa = PBXBuildFile; fileRef = 21F4379D2B94EE48004408EF /* AllFilesModel.swift */; };
		21F437A02B94EE4F004408EF /* AllFilesPresenter.swift in Sources */ = {isa = PBXBuildFile; fileRef = 21F4379F2B94EE4F004408EF /* AllFilesPresenter.swift */; };
		21F437A32B9505EF004408EF /* ProfileModel.swift in Sources */ = {isa = PBXBuildFile; fileRef = 21F437A22B9505EF004408EF /* ProfileModel.swift */; };
		21F437A52B9505F8004408EF /* ProfilePresenter.swift in Sources */ = {isa = PBXBuildFile; fileRef = 21F437A42B9505F8004408EF /* ProfilePresenter.swift */; };
		21F437A72B95060A004408EF /* ProfileViewController.swift in Sources */ = {isa = PBXBuildFile; fileRef = 21F437A62B95060A004408EF /* ProfileViewController.swift */; };
		21F437AA2B950F27004408EF /* Disk+CoreDataClass.swift in Sources */ = {isa = PBXBuildFile; fileRef = 21F437A82B950F27004408EF /* Disk+CoreDataClass.swift */; };
		21F437AB2B950F27004408EF /* Disk+CoreDataProperties.swift in Sources */ = {isa = PBXBuildFile; fileRef = 21F437A92B950F27004408EF /* Disk+CoreDataProperties.swift */; };
		21F437AE2B95B97E004408EF /* PublicModel.swift in Sources */ = {isa = PBXBuildFile; fileRef = 21F437AD2B95B97E004408EF /* PublicModel.swift */; };
		21F437B02B95B98A004408EF /* PublicPresenter.swift in Sources */ = {isa = PBXBuildFile; fileRef = 21F437AF2B95B98A004408EF /* PublicPresenter.swift */; };
		21F437B22B95B992004408EF /* PublicViewController.swift in Sources */ = {isa = PBXBuildFile; fileRef = 21F437B12B95B992004408EF /* PublicViewController.swift */; };
		21F437B52B95C298004408EF /* Public+CoreDataClass.swift in Sources */ = {isa = PBXBuildFile; fileRef = 21F437B32B95C298004408EF /* Public+CoreDataClass.swift */; };
		21F437B62B95C298004408EF /* Public+CoreDataProperties.swift in Sources */ = {isa = PBXBuildFile; fileRef = 21F437B42B95C298004408EF /* Public+CoreDataProperties.swift */; };
		21F437BA2B9645EB004408EF /* Localizable.strings in Resources */ = {isa = PBXBuildFile; fileRef = 21F437BC2B9645EB004408EF /* Localizable.strings */; };
		B0F3A80AA9FF3360DFCB3B6A /* Pods_ydisk_skillbox.framework in Frameworks */ = {isa = PBXBuildFile; fileRef = 0A5EAED44B267E0B6F3610CC /* Pods_ydisk_skillbox.framework */; };
/* End PBXBuildFile section */

/* Begin PBXFileReference section */
		0A5EAED44B267E0B6F3610CC /* Pods_ydisk_skillbox.framework */ = {isa = PBXFileReference; explicitFileType = wrapper.framework; includeInIndex = 0; path = Pods_ydisk_skillbox.framework; sourceTree = BUILT_PRODUCTS_DIR; };
		21365E322B8F02B3006CDC17 /* ydisk_skillbox.app */ = {isa = PBXFileReference; explicitFileType = wrapper.application; includeInIndex = 0; path = ydisk_skillbox.app; sourceTree = BUILT_PRODUCTS_DIR; };
		21365E352B8F02B3006CDC17 /* AppDelegate.swift */ = {isa = PBXFileReference; lastKnownFileType = sourcecode.swift; path = AppDelegate.swift; sourceTree = "<group>"; };
		21365E372B8F02B3006CDC17 /* SceneDelegate.swift */ = {isa = PBXFileReference; lastKnownFileType = sourcecode.swift; path = SceneDelegate.swift; sourceTree = "<group>"; };
		21365E3E2B8F02B6006CDC17 /* Assets.xcassets */ = {isa = PBXFileReference; lastKnownFileType = folder.assetcatalog; path = Assets.xcassets; sourceTree = "<group>"; };
		21365E432B8F02B6006CDC17 /* Info.plist */ = {isa = PBXFileReference; lastKnownFileType = text.plist.xml; path = Info.plist; sourceTree = "<group>"; };
		21365E492B8F0656006CDC17 /* Constants.swift */ = {isa = PBXFileReference; lastKnownFileType = sourcecode.swift; path = Constants.swift; sourceTree = "<group>"; };
		21365E4C2B8F09E6006CDC17 /* FirstOnboardingModel.swift */ = {isa = PBXFileReference; lastKnownFileType = sourcecode.swift; path = FirstOnboardingModel.swift; sourceTree = "<group>"; };
		21365E4E2B8F09FD006CDC17 /* FirstOnboardingPresenter.swift */ = {isa = PBXFileReference; lastKnownFileType = sourcecode.swift; path = FirstOnboardingPresenter.swift; sourceTree = "<group>"; };
		21365E502B8F0A0F006CDC17 /* FirstOnboardingViewController.swift */ = {isa = PBXFileReference; lastKnownFileType = sourcecode.swift; path = FirstOnboardingViewController.swift; sourceTree = "<group>"; };
		21365E542B8F1FF6006CDC17 /* UIKitExtensions.swift */ = {isa = PBXFileReference; lastKnownFileType = sourcecode.swift; path = UIKitExtensions.swift; sourceTree = "<group>"; };
		21365E5E2B8F4384006CDC17 /* ThirdOnboardingViewController.swift */ = {isa = PBXFileReference; fileEncoding = 4; lastKnownFileType = sourcecode.swift; path = ThirdOnboardingViewController.swift; sourceTree = "<group>"; };
		21365E602B8F438F006CDC17 /* ThirdOnboardingPresenter.swift */ = {isa = PBXFileReference; fileEncoding = 4; lastKnownFileType = sourcecode.swift; path = ThirdOnboardingPresenter.swift; sourceTree = "<group>"; };
		21365E622B8F4398006CDC17 /* ThirdOnboardingModel.swift */ = {isa = PBXFileReference; fileEncoding = 4; lastKnownFileType = sourcecode.swift; path = ThirdOnboardingModel.swift; sourceTree = "<group>"; };
		21F4371E2B906AD5004408EF /* Launch Screen.storyboard */ = {isa = PBXFileReference; lastKnownFileType = file.storyboard; path = "Launch Screen.storyboard"; sourceTree = "<group>"; };
		21F437202B90C894004408EF /* SkillboxActivityIndicator.swift */ = {isa = PBXFileReference; lastKnownFileType = sourcecode.swift; path = SkillboxActivityIndicator.swift; sourceTree = "<group>"; };
		21F437372B91071B004408EF /* LoginModel.swift */ = {isa = PBXFileReference; fileEncoding = 4; lastKnownFileType = sourcecode.swift; path = LoginModel.swift; sourceTree = "<group>"; };
		21F437392B910728004408EF /* LoginPresenter.swift */ = {isa = PBXFileReference; fileEncoding = 4; lastKnownFileType = sourcecode.swift; path = LoginPresenter.swift; sourceTree = "<group>"; };
		21F4373B2B910735004408EF /* LoginViewController.swift */ = {isa = PBXFileReference; fileEncoding = 4; lastKnownFileType = sourcecode.swift; path = LoginViewController.swift; sourceTree = "<group>"; };
		21F4373D2B9198B9004408EF /* DataRequest.swift */ = {isa = PBXFileReference; lastKnownFileType = sourcecode.swift; path = DataRequest.swift; sourceTree = "<group>"; };
		21F437432B91D27D004408EF /* DataStructures.swift */ = {isa = PBXFileReference; lastKnownFileType = sourcecode.swift; path = DataStructures.swift; sourceTree = "<group>"; };
		21F437462B91E106004408EF /* LastUploadedModel.swift */ = {isa = PBXFileReference; fileEncoding = 4; lastKnownFileType = sourcecode.swift; path = LastUploadedModel.swift; sourceTree = "<group>"; };
		21F437482B91E10F004408EF /* LastUploadedPresenter.swift */ = {isa = PBXFileReference; fileEncoding = 4; lastKnownFileType = sourcecode.swift; path = LastUploadedPresenter.swift; sourceTree = "<group>"; };
		21F4374A2B91E11F004408EF /* LastUploadedViewController.swift */ = {isa = PBXFileReference; fileEncoding = 4; lastKnownFileType = sourcecode.swift; path = LastUploadedViewController.swift; sourceTree = "<group>"; };
		21F4374D2B91ECDD004408EF /* DefaultTableViewCell.swift */ = {isa = PBXFileReference; lastKnownFileType = sourcecode.swift; path = DefaultTableViewCell.swift; sourceTree = "<group>"; };
		21F437582B920B25004408EF /* Model.xcdatamodel */ = {isa = PBXFileReference; lastKnownFileType = wrapper.xcdatamodel; path = Model.xcdatamodel; sourceTree = "<group>"; };
		21F4375B2B920B83004408EF /* Files+CoreDataClass.swift */ = {isa = PBXFileReference; lastKnownFileType = sourcecode.swift; path = "Files+CoreDataClass.swift"; sourceTree = "<group>"; };
		21F4375C2B920B83004408EF /* Files+CoreDataProperties.swift */ = {isa = PBXFileReference; lastKnownFileType = sourcecode.swift; path = "Files+CoreDataProperties.swift"; sourceTree = "<group>"; };
		21F437632B9234D7004408EF /* AllFilesViewController.swift */ = {isa = PBXFileReference; fileEncoding = 4; lastKnownFileType = sourcecode.swift; path = AllFilesViewController.swift; sourceTree = "<group>"; };
		21F437692B9244C8004408EF /* AppConfig.swift */ = {isa = PBXFileReference; lastKnownFileType = sourcecode.swift; path = AppConfig.swift; sourceTree = "<group>"; };
		21F4376B2B924A10004408EF /* TabBarController.swift */ = {isa = PBXFileReference; lastKnownFileType = sourcecode.swift; path = TabBarController.swift; sourceTree = "<group>"; };
		21F4376D2B925188004408EF /* Reachability.swift */ = {isa = PBXFileReference; lastKnownFileType = sourcecode.swift; path = Reachability.swift; sourceTree = "<group>"; };
		21F437752B925E8D004408EF /* SecondOnboardingPresenter.swift */ = {isa = PBXFileReference; fileEncoding = 4; lastKnownFileType = sourcecode.swift; path = SecondOnboardingPresenter.swift; sourceTree = "<group>"; };
		21F437762B925E8D004408EF /* SecondOnboardingViewController.swift */ = {isa = PBXFileReference; fileEncoding = 4; lastKnownFileType = sourcecode.swift; path = SecondOnboardingViewController.swift; sourceTree = "<group>"; };
		21F437772B925E8D004408EF /* SecondOnboardingModel.swift */ = {isa = PBXFileReference; fileEncoding = 4; lastKnownFileType = sourcecode.swift; path = SecondOnboardingModel.swift; sourceTree = "<group>"; };
		21F4377C2B92631B004408EF /* PDFModel.swift */ = {isa = PBXFileReference; fileEncoding = 4; lastKnownFileType = sourcecode.swift; path = PDFModel.swift; sourceTree = "<group>"; };
		21F4377E2B926325004408EF /* PDFPresenter.swift */ = {isa = PBXFileReference; fileEncoding = 4; lastKnownFileType = sourcecode.swift; path = PDFPresenter.swift; sourceTree = "<group>"; };
		21F437802B92632E004408EF /* PDFViewController.swift */ = {isa = PBXFileReference; fileEncoding = 4; lastKnownFileType = sourcecode.swift; path = PDFViewController.swift; sourceTree = "<group>"; };
		21F437832B93B1CA004408EF /* AllFiles+CoreDataClass.swift */ = {isa = PBXFileReference; lastKnownFileType = sourcecode.swift; path = "AllFiles+CoreDataClass.swift"; sourceTree = "<group>"; };
		21F437842B93B1CA004408EF /* AllFiles+CoreDataProperties.swift */ = {isa = PBXFileReference; lastKnownFileType = sourcecode.swift; path = "AllFiles+CoreDataProperties.swift"; sourceTree = "<group>"; };
		21F437882B94921C004408EF /* RenameModel.swift */ = {isa = PBXFileReference; fileEncoding = 4; lastKnownFileType = sourcecode.swift; path = RenameModel.swift; sourceTree = "<group>"; };
		21F4378A2B949227004408EF /* RenamePresenter.swift */ = {isa = PBXFileReference; fileEncoding = 4; lastKnownFileType = sourcecode.swift; path = RenamePresenter.swift; sourceTree = "<group>"; };
		21F4378C2B949233004408EF /* RenameViewController.swift */ = {isa = PBXFileReference; fileEncoding = 4; lastKnownFileType = sourcecode.swift; path = RenameViewController.swift; sourceTree = "<group>"; };
		21F4378F2B94AA73004408EF /* ImageModel.swift */ = {isa = PBXFileReference; fileEncoding = 4; lastKnownFileType = sourcecode.swift; path = ImageModel.swift; sourceTree = "<group>"; };
		21F437912B94AA7B004408EF /* ImagePresenter.swift */ = {isa = PBXFileReference; fileEncoding = 4; lastKnownFileType = sourcecode.swift; path = ImagePresenter.swift; sourceTree = "<group>"; };
		21F437932B94AA89004408EF /* ImageViewController.swift */ = {isa = PBXFileReference; fileEncoding = 4; lastKnownFileType = sourcecode.swift; path = ImageViewController.swift; sourceTree = "<group>"; };
		21F437972B94EAFF004408EF /* WebModel.swift */ = {isa = PBXFileReference; fileEncoding = 4; lastKnownFileType = sourcecode.swift; path = WebModel.swift; sourceTree = "<group>"; };
		21F437992B94EB06004408EF /* WebPresenter.swift */ = {isa = PBXFileReference; fileEncoding = 4; lastKnownFileType = sourcecode.swift; path = WebPresenter.swift; sourceTree = "<group>"; };
		21F4379B2B94EB0D004408EF /* WebViewController.swift */ = {isa = PBXFileReference; fileEncoding = 4; lastKnownFileType = sourcecode.swift; path = WebViewController.swift; sourceTree = "<group>"; };
		21F4379D2B94EE48004408EF /* AllFilesModel.swift */ = {isa = PBXFileReference; fileEncoding = 4; lastKnownFileType = sourcecode.swift; path = AllFilesModel.swift; sourceTree = "<group>"; };
		21F4379F2B94EE4F004408EF /* AllFilesPresenter.swift */ = {isa = PBXFileReference; fileEncoding = 4; lastKnownFileType = sourcecode.swift; path = AllFilesPresenter.swift; sourceTree = "<group>"; };
		21F437A22B9505EF004408EF /* ProfileModel.swift */ = {isa = PBXFileReference; fileEncoding = 4; lastKnownFileType = sourcecode.swift; path = ProfileModel.swift; sourceTree = "<group>"; };
		21F437A42B9505F8004408EF /* ProfilePresenter.swift */ = {isa = PBXFileReference; fileEncoding = 4; lastKnownFileType = sourcecode.swift; path = ProfilePresenter.swift; sourceTree = "<group>"; };
		21F437A62B95060A004408EF /* ProfileViewController.swift */ = {isa = PBXFileReference; fileEncoding = 4; lastKnownFileType = sourcecode.swift; path = ProfileViewController.swift; sourceTree = "<group>"; };
		21F437A82B950F27004408EF /* Disk+CoreDataClass.swift */ = {isa = PBXFileReference; lastKnownFileType = sourcecode.swift; path = "Disk+CoreDataClass.swift"; sourceTree = "<group>"; };
		21F437A92B950F27004408EF /* Disk+CoreDataProperties.swift */ = {isa = PBXFileReference; lastKnownFileType = sourcecode.swift; path = "Disk+CoreDataProperties.swift"; sourceTree = "<group>"; };
		21F437AD2B95B97E004408EF /* PublicModel.swift */ = {isa = PBXFileReference; fileEncoding = 4; lastKnownFileType = sourcecode.swift; path = PublicModel.swift; sourceTree = "<group>"; };
		21F437AF2B95B98A004408EF /* PublicPresenter.swift */ = {isa = PBXFileReference; fileEncoding = 4; lastKnownFileType = sourcecode.swift; path = PublicPresenter.swift; sourceTree = "<group>"; };
		21F437B12B95B992004408EF /* PublicViewController.swift */ = {isa = PBXFileReference; fileEncoding = 4; lastKnownFileType = sourcecode.swift; path = PublicViewController.swift; sourceTree = "<group>"; };
		21F437B32B95C298004408EF /* Public+CoreDataClass.swift */ = {isa = PBXFileReference; lastKnownFileType = sourcecode.swift; path = "Public+CoreDataClass.swift"; sourceTree = "<group>"; };
		21F437B42B95C298004408EF /* Public+CoreDataProperties.swift */ = {isa = PBXFileReference; lastKnownFileType = sourcecode.swift; path = "Public+CoreDataProperties.swift"; sourceTree = "<group>"; };
		21F437BB2B9645EB004408EF /* en */ = {isa = PBXFileReference; lastKnownFileType = text.plist.strings; name = en; path = en.lproj/Localizable.strings; sourceTree = "<group>"; };
		21F437BD2B9645EC004408EF /* ru */ = {isa = PBXFileReference; lastKnownFileType = text.plist.strings; name = ru; path = ru.lproj/Localizable.strings; sourceTree = "<group>"; };
		9E7C619F95D714C947495E95 /* Pods-ydisk_skillbox.debug.xcconfig */ = {isa = PBXFileReference; includeInIndex = 1; lastKnownFileType = text.xcconfig; name = "Pods-ydisk_skillbox.debug.xcconfig"; path = "Target Support Files/Pods-ydisk_skillbox/Pods-ydisk_skillbox.debug.xcconfig"; sourceTree = "<group>"; };
		F7962FAF956CBDCE7B8B888F /* Pods-ydisk_skillbox.release.xcconfig */ = {isa = PBXFileReference; includeInIndex = 1; lastKnownFileType = text.xcconfig; name = "Pods-ydisk_skillbox.release.xcconfig"; path = "Target Support Files/Pods-ydisk_skillbox/Pods-ydisk_skillbox.release.xcconfig"; sourceTree = "<group>"; };
/* End PBXFileReference section */

/* Begin PBXFrameworksBuildPhase section */
		21365E2F2B8F02B3006CDC17 /* Frameworks */ = {
			isa = PBXFrameworksBuildPhase;
			buildActionMask = 2147483647;
			files = (
				B0F3A80AA9FF3360DFCB3B6A /* Pods_ydisk_skillbox.framework in Frameworks */,
			);
			runOnlyForDeploymentPostprocessing = 0;
		};
/* End PBXFrameworksBuildPhase section */

/* Begin PBXGroup section */
		0478A9B5A44FD4F20AD42C54 /* Frameworks */ = {
			isa = PBXGroup;
			children = (
				0A5EAED44B267E0B6F3610CC /* Pods_ydisk_skillbox.framework */,
			);
			name = Frameworks;
			sourceTree = "<group>";
		};
		21365E292B8F02B3006CDC17 = {
			isa = PBXGroup;
			children = (
				21365E342B8F02B3006CDC17 /* ydisk_skillbox */,
				21365E332B8F02B3006CDC17 /* Products */,
				603D3D56733B7F818102BD45 /* Pods */,
				0478A9B5A44FD4F20AD42C54 /* Frameworks */,
			);
			sourceTree = "<group>";
		};
		21365E332B8F02B3006CDC17 /* Products */ = {
			isa = PBXGroup;
			children = (
				21365E322B8F02B3006CDC17 /* ydisk_skillbox.app */,
			);
			name = Products;
			sourceTree = "<group>";
		};
		21365E342B8F02B3006CDC17 /* ydisk_skillbox */ = {
			isa = PBXGroup;
			children = (
				21365E352B8F02B3006CDC17 /* AppDelegate.swift */,
				21365E372B8F02B3006CDC17 /* SceneDelegate.swift */,
				21F4376F2B925D3D004408EF /* Screens */,
				21F437732B925DE1004408EF /* Data */,
				21F437722B925DC0004408EF /* System */,
				21365E3E2B8F02B6006CDC17 /* Assets.xcassets */,
				21365E432B8F02B6006CDC17 /* Info.plist */,
			);
			path = ydisk_skillbox;
			sourceTree = "<group>";
		};
		21365E4B2B8F09B1006CDC17 /* Onboarding1 */ = {
			isa = PBXGroup;
			children = (
				21365E4C2B8F09E6006CDC17 /* FirstOnboardingModel.swift */,
				21365E4E2B8F09FD006CDC17 /* FirstOnboardingPresenter.swift */,
				21365E502B8F0A0F006CDC17 /* FirstOnboardingViewController.swift */,
			);
			path = Onboarding1;
			sourceTree = "<group>";
		};
		21365E562B8F4169006CDC17 /* Onboarding2 */ = {
			isa = PBXGroup;
			children = (
				21F437772B925E8D004408EF /* SecondOnboardingModel.swift */,
				21F437752B925E8D004408EF /* SecondOnboardingPresenter.swift */,
				21F437762B925E8D004408EF /* SecondOnboardingViewController.swift */,
			);
			path = Onboarding2;
			sourceTree = "<group>";
		};
		21365E5D2B8F4371006CDC17 /* Onboarding3 */ = {
			isa = PBXGroup;
			children = (
				21365E622B8F4398006CDC17 /* ThirdOnboardingModel.swift */,
				21365E602B8F438F006CDC17 /* ThirdOnboardingPresenter.swift */,
				21365E5E2B8F4384006CDC17 /* ThirdOnboardingViewController.swift */,
			);
			path = Onboarding3;
			sourceTree = "<group>";
		};
		21F437362B9106F6004408EF /* Login */ = {
			isa = PBXGroup;
			children = (
				21F437372B91071B004408EF /* LoginModel.swift */,
				21F437392B910728004408EF /* LoginPresenter.swift */,
				21F4373B2B910735004408EF /* LoginViewController.swift */,
			);
			path = Login;
			sourceTree = "<group>";
		};
		21F437422B91D24B004408EF /* API */ = {
			isa = PBXGroup;
			children = (
				21F4373D2B9198B9004408EF /* DataRequest.swift */,
				21F437432B91D27D004408EF /* DataStructures.swift */,
			);
			path = API;
			sourceTree = "<group>";
		};
		21F437452B91E0E7004408EF /* LastUploaded */ = {
			isa = PBXGroup;
			children = (
				21F437462B91E106004408EF /* LastUploadedModel.swift */,
				21F437482B91E10F004408EF /* LastUploadedPresenter.swift */,
				21F4374A2B91E11F004408EF /* LastUploadedViewController.swift */,
			);
			path = LastUploaded;
			sourceTree = "<group>";
		};
		21F4374C2B91ECB3004408EF /* Cells */ = {
			isa = PBXGroup;
			children = (
				21F4374D2B91ECDD004408EF /* DefaultTableViewCell.swift */,
			);
			path = Cells;
			sourceTree = "<group>";
		};
		21F437602B9212AE004408EF /* CoreData */ = {
			isa = PBXGroup;
			children = (
				21F437A82B950F27004408EF /* Disk+CoreDataClass.swift */,
				21F437A92B950F27004408EF /* Disk+CoreDataProperties.swift */,
				21F437832B93B1CA004408EF /* AllFiles+CoreDataClass.swift */,
				21F437842B93B1CA004408EF /* AllFiles+CoreDataProperties.swift */,
				21F437572B920B25004408EF /* Model.xcdatamodeld */,
				21F437B32B95C298004408EF /* Public+CoreDataClass.swift */,
				21F437B42B95C298004408EF /* Public+CoreDataProperties.swift */,
				21F4375B2B920B83004408EF /* Files+CoreDataClass.swift */,
				21F4375C2B920B83004408EF /* Files+CoreDataProperties.swift */,
			);
			path = CoreData;
			sourceTree = "<group>";
		};
		21F437622B9234BF004408EF /* AllFilesTab */ = {
			isa = PBXGroup;
			children = (
				21F4379D2B94EE48004408EF /* AllFilesModel.swift */,
				21F4379F2B94EE4F004408EF /* AllFilesPresenter.swift */,
				21F437632B9234D7004408EF /* AllFilesViewController.swift */,
			);
			path = AllFilesTab;
			sourceTree = "<group>";
		};
		21F4376F2B925D3D004408EF /* Screens */ = {
			isa = PBXGroup;
			children = (
				21F4371E2B906AD5004408EF /* Launch Screen.storyboard */,
				21F437712B925D6E004408EF /* TabBar */,
				21F437362B9106F6004408EF /* Login */,
				21F437702B925D4D004408EF /* Onboarding */,
			);
			path = Screens;
			sourceTree = "<group>";
		};
		21F437702B925D4D004408EF /* Onboarding */ = {
			isa = PBXGroup;
			children = (
				21365E5D2B8F4371006CDC17 /* Onboarding3 */,
				21365E562B8F4169006CDC17 /* Onboarding2 */,
				21365E4B2B8F09B1006CDC17 /* Onboarding1 */,
			);
			path = Onboarding;
			sourceTree = "<group>";
		};
		21F437712B925D6E004408EF /* TabBar */ = {
			isa = PBXGroup;
			children = (
				21F4376B2B924A10004408EF /* TabBarController.swift */,
				21F437952B94EAAD004408EF /* General */,
				21F437B72B95C6F1004408EF /* ProfileTab */,
				21F437822B9378AC004408EF /* LastUploadedTab */,
				21F437622B9234BF004408EF /* AllFilesTab */,
			);
			path = TabBar;
			sourceTree = "<group>";
		};
		21F437722B925DC0004408EF /* System */ = {
			isa = PBXGroup;
			children = (
				21F4374C2B91ECB3004408EF /* Cells */,
				21365E492B8F0656006CDC17 /* Constants.swift */,
				21F437202B90C894004408EF /* SkillboxActivityIndicator.swift */,
				21F437BC2B9645EB004408EF /* Localizable.strings */,
				21F4376D2B925188004408EF /* Reachability.swift */,
				21F437692B9244C8004408EF /* AppConfig.swift */,
				21365E542B8F1FF6006CDC17 /* UIKitExtensions.swift */,
			);
			path = System;
			sourceTree = "<group>";
		};
		21F437732B925DE1004408EF /* Data */ = {
			isa = PBXGroup;
			children = (
				21F437602B9212AE004408EF /* CoreData */,
				21F437422B91D24B004408EF /* API */,
			);
			path = Data;
			sourceTree = "<group>";
		};
		21F4377B2B9262FD004408EF /* PDF */ = {
			isa = PBXGroup;
			children = (
				21F4377C2B92631B004408EF /* PDFModel.swift */,
				21F4377E2B926325004408EF /* PDFPresenter.swift */,
				21F437802B92632E004408EF /* PDFViewController.swift */,
			);
			path = PDF;
			sourceTree = "<group>";
		};
		21F437822B9378AC004408EF /* LastUploadedTab */ = {
			isa = PBXGroup;
			children = (
				21F437452B91E0E7004408EF /* LastUploaded */,
			);
			path = LastUploadedTab;
			sourceTree = "<group>";
		};
		21F437872B9491F3004408EF /* Rename */ = {
			isa = PBXGroup;
			children = (
				21F437882B94921C004408EF /* RenameModel.swift */,
				21F4378A2B949227004408EF /* RenamePresenter.swift */,
				21F4378C2B949233004408EF /* RenameViewController.swift */,
			);
			path = Rename;
			sourceTree = "<group>";
		};
		21F4378E2B94AA52004408EF /* Image */ = {
			isa = PBXGroup;
			children = (
				21F4378F2B94AA73004408EF /* ImageModel.swift */,
				21F437912B94AA7B004408EF /* ImagePresenter.swift */,
				21F437932B94AA89004408EF /* ImageViewController.swift */,
			);
			path = Image;
			sourceTree = "<group>";
		};
		21F437952B94EAAD004408EF /* General */ = {
			isa = PBXGroup;
			children = (
				21F437962B94EAED004408EF /* Web */,
				21F4377B2B9262FD004408EF /* PDF */,
				21F4378E2B94AA52004408EF /* Image */,
				21F437872B9491F3004408EF /* Rename */,
			);
			path = General;
			sourceTree = "<group>";
		};
		21F437962B94EAED004408EF /* Web */ = {
			isa = PBXGroup;
			children = (
				21F437972B94EAFF004408EF /* WebModel.swift */,
				21F437992B94EB06004408EF /* WebPresenter.swift */,
				21F4379B2B94EB0D004408EF /* WebViewController.swift */,
			);
			path = Web;
			sourceTree = "<group>";
		};
		21F437A12B9505C5004408EF /* Profile */ = {
			isa = PBXGroup;
			children = (
				21F437A22B9505EF004408EF /* ProfileModel.swift */,
				21F437A42B9505F8004408EF /* ProfilePresenter.swift */,
				21F437A62B95060A004408EF /* ProfileViewController.swift */,
			);
			path = Profile;
			sourceTree = "<group>";
		};
		21F437AC2B95B95C004408EF /* PublicFiles */ = {
			isa = PBXGroup;
			children = (
				21F437AD2B95B97E004408EF /* PublicModel.swift */,
				21F437AF2B95B98A004408EF /* PublicPresenter.swift */,
				21F437B12B95B992004408EF /* PublicViewController.swift */,
			);
			path = PublicFiles;
			sourceTree = "<group>";
		};
		21F437B72B95C6F1004408EF /* ProfileTab */ = {
			isa = PBXGroup;
			children = (
				21F437AC2B95B95C004408EF /* PublicFiles */,
				21F437A12B9505C5004408EF /* Profile */,
			);
			path = ProfileTab;
			sourceTree = "<group>";
		};
		603D3D56733B7F818102BD45 /* Pods */ = {
			isa = PBXGroup;
			children = (
				9E7C619F95D714C947495E95 /* Pods-ydisk_skillbox.debug.xcconfig */,
				F7962FAF956CBDCE7B8B888F /* Pods-ydisk_skillbox.release.xcconfig */,
			);
			path = Pods;
			sourceTree = "<group>";
		};
/* End PBXGroup section */

/* Begin PBXNativeTarget section */
		21365E312B8F02B3006CDC17 /* ydisk_skillbox */ = {
			isa = PBXNativeTarget;
			buildConfigurationList = 21365E462B8F02B6006CDC17 /* Build configuration list for PBXNativeTarget "ydisk_skillbox" */;
			buildPhases = (
				4D8CF29CA78B2C894EE98F6F /* [CP] Check Pods Manifest.lock */,
				21365E2E2B8F02B3006CDC17 /* Sources */,
				21365E2F2B8F02B3006CDC17 /* Frameworks */,
				21365E302B8F02B3006CDC17 /* Resources */,
				CC41933126AB3A5301EC1496 /* [CP] Embed Pods Frameworks */,
			);
			buildRules = (
			);
			dependencies = (
			);
			name = ydisk_skillbox;
			productName = ydisk_skillbox;
			productReference = 21365E322B8F02B3006CDC17 /* ydisk_skillbox.app */;
			productType = "com.apple.product-type.application";
		};
/* End PBXNativeTarget section */

/* Begin PBXProject section */
		21365E2A2B8F02B3006CDC17 /* Project object */ = {
			isa = PBXProject;
			attributes = {
				BuildIndependentTargetsInParallel = 1;
				LastSwiftUpdateCheck = 1520;
				LastUpgradeCheck = 1520;
				TargetAttributes = {
					21365E312B8F02B3006CDC17 = {
						CreatedOnToolsVersion = 15.2;
					};
				};
			};
			buildConfigurationList = 21365E2D2B8F02B3006CDC17 /* Build configuration list for PBXProject "ydisk_skillbox" */;
			compatibilityVersion = "Xcode 14.0";
			developmentRegion = en;
			hasScannedForEncodings = 0;
			knownRegions = (
				en,
				Base,
				ru,
			);
			mainGroup = 21365E292B8F02B3006CDC17;
			productRefGroup = 21365E332B8F02B3006CDC17 /* Products */;
			projectDirPath = "";
			projectRoot = "";
			targets = (
				21365E312B8F02B3006CDC17 /* ydisk_skillbox */,
			);
		};
/* End PBXProject section */

/* Begin PBXResourcesBuildPhase section */
		21365E302B8F02B3006CDC17 /* Resources */ = {
			isa = PBXResourcesBuildPhase;
			buildActionMask = 2147483647;
			files = (
				21F437612B9212C9004408EF /* Model.xcdatamodeld in Resources */,
				21F437BA2B9645EB004408EF /* Localizable.strings in Resources */,
				21F4371F2B906AD5004408EF /* Launch Screen.storyboard in Resources */,
				21365E3F2B8F02B6006CDC17 /* Assets.xcassets in Resources */,
			);
			runOnlyForDeploymentPostprocessing = 0;
		};
/* End PBXResourcesBuildPhase section */

/* Begin PBXShellScriptBuildPhase section */
		4D8CF29CA78B2C894EE98F6F /* [CP] Check Pods Manifest.lock */ = {
			isa = PBXShellScriptBuildPhase;
			buildActionMask = 2147483647;
			files = (
			);
			inputFileListPaths = (
			);
			inputPaths = (
				"${PODS_PODFILE_DIR_PATH}/Podfile.lock",
				"${PODS_ROOT}/Manifest.lock",
			);
			name = "[CP] Check Pods Manifest.lock";
			outputFileListPaths = (
			);
			outputPaths = (
				"$(DERIVED_FILE_DIR)/Pods-ydisk_skillbox-checkManifestLockResult.txt",
			);
			runOnlyForDeploymentPostprocessing = 0;
			shellPath = /bin/sh;
			shellScript = "diff \"${PODS_PODFILE_DIR_PATH}/Podfile.lock\" \"${PODS_ROOT}/Manifest.lock\" > /dev/null\nif [ $? != 0 ] ; then\n    # print error to STDERR\n    echo \"error: The sandbox is not in sync with the Podfile.lock. Run 'pod install' or update your CocoaPods installation.\" >&2\n    exit 1\nfi\n# This output is used by Xcode 'outputs' to avoid re-running this script phase.\necho \"SUCCESS\" > \"${SCRIPT_OUTPUT_FILE_0}\"\n";
			showEnvVarsInLog = 0;
		};
		CC41933126AB3A5301EC1496 /* [CP] Embed Pods Frameworks */ = {
			isa = PBXShellScriptBuildPhase;
			buildActionMask = 2147483647;
			files = (
			);
			inputFileListPaths = (
				"${PODS_ROOT}/Target Support Files/Pods-ydisk_skillbox/Pods-ydisk_skillbox-frameworks-${CONFIGURATION}-input-files.xcfilelist",
			);
			name = "[CP] Embed Pods Frameworks";
			outputFileListPaths = (
				"${PODS_ROOT}/Target Support Files/Pods-ydisk_skillbox/Pods-ydisk_skillbox-frameworks-${CONFIGURATION}-output-files.xcfilelist",
			);
			runOnlyForDeploymentPostprocessing = 0;
			shellPath = /bin/sh;
			shellScript = "\"${PODS_ROOT}/Target Support Files/Pods-ydisk_skillbox/Pods-ydisk_skillbox-frameworks.sh\"\n";
			showEnvVarsInLog = 0;
		};
/* End PBXShellScriptBuildPhase section */

/* Begin PBXSourcesBuildPhase section */
		21365E2E2B8F02B3006CDC17 /* Sources */ = {
			isa = PBXSourcesBuildPhase;
			buildActionMask = 2147483647;
			files = (
				21F4373A2B910728004408EF /* LoginPresenter.swift in Sources */,
				21F437812B92632E004408EF /* PDFViewController.swift in Sources */,
				21F437442B91D27D004408EF /* DataStructures.swift in Sources */,
				21F437782B925E8D004408EF /* SecondOnboardingPresenter.swift in Sources */,
				21F437922B94AA7B004408EF /* ImagePresenter.swift in Sources */,
				21F4378B2B949227004408EF /* RenamePresenter.swift in Sources */,
				21F437AE2B95B97E004408EF /* PublicModel.swift in Sources */,
				21F437A72B95060A004408EF /* ProfileViewController.swift in Sources */,
				21F437AA2B950F27004408EF /* Disk+CoreDataClass.swift in Sources */,
				21F437B62B95C298004408EF /* Public+CoreDataProperties.swift in Sources */,
				21365E362B8F02B3006CDC17 /* AppDelegate.swift in Sources */,
				21F4374B2B91E11F004408EF /* LastUploadedViewController.swift in Sources */,
				21F4377A2B925E8D004408EF /* SecondOnboardingModel.swift in Sources */,
				21F437862B93B1CA004408EF /* AllFiles+CoreDataProperties.swift in Sources */,
				21F437212B90C894004408EF /* SkillboxActivityIndicator.swift in Sources */,
				21F4379E2B94EE48004408EF /* AllFilesModel.swift in Sources */,
				21365E4F2B8F09FD006CDC17 /* FirstOnboardingPresenter.swift in Sources */,
				21F4376E2B925188004408EF /* Reachability.swift in Sources */,
				21365E4D2B8F09E6006CDC17 /* FirstOnboardingModel.swift in Sources */,
				21F437792B925E8D004408EF /* SecondOnboardingViewController.swift in Sources */,
				21F4379A2B94EB06004408EF /* WebPresenter.swift in Sources */,
				21F4376A2B9244C8004408EF /* AppConfig.swift in Sources */,
				21F437892B94921C004408EF /* RenameModel.swift in Sources */,
				21F437A32B9505EF004408EF /* ProfileModel.swift in Sources */,
				21F4375E2B920B83004408EF /* Files+CoreDataProperties.swift in Sources */,
				21F4378D2B949233004408EF /* RenameViewController.swift in Sources */,
				21F4374E2B91ECDD004408EF /* DefaultTableViewCell.swift in Sources */,
				21F4379C2B94EB0D004408EF /* WebViewController.swift in Sources */,
				21365E382B8F02B3006CDC17 /* SceneDelegate.swift in Sources */,
				21F437472B91E106004408EF /* LastUploadedModel.swift in Sources */,
				21365E5F2B8F4384006CDC17 /* ThirdOnboardingViewController.swift in Sources */,
				21365E4A2B8F0656006CDC17 /* Constants.swift in Sources */,
				21F437B02B95B98A004408EF /* PublicPresenter.swift in Sources */,
				21F437382B91071B004408EF /* LoginModel.swift in Sources */,
				21F4377F2B926325004408EF /* PDFPresenter.swift in Sources */,
				21365E632B8F4398006CDC17 /* ThirdOnboardingModel.swift in Sources */,
				21F437642B9234D7004408EF /* AllFilesViewController.swift in Sources */,
				21F437982B94EAFF004408EF /* WebModel.swift in Sources */,
				21F437A02B94EE4F004408EF /* AllFilesPresenter.swift in Sources */,
				21F437AB2B950F27004408EF /* Disk+CoreDataProperties.swift in Sources */,
				21F4373C2B910735004408EF /* LoginViewController.swift in Sources */,
				21F4375D2B920B83004408EF /* Files+CoreDataClass.swift in Sources */,
				21F437492B91E10F004408EF /* LastUploadedPresenter.swift in Sources */,
				21F4377D2B92631B004408EF /* PDFModel.swift in Sources */,
				21365E552B8F1FF6006CDC17 /* UIKitExtensions.swift in Sources */,
				21F437B22B95B992004408EF /* PublicViewController.swift in Sources */,
				21365E512B8F0A0F006CDC17 /* FirstOnboardingViewController.swift in Sources */,
				21F4376C2B924A10004408EF /* TabBarController.swift in Sources */,
				21F4373E2B9198B9004408EF /* DataRequest.swift in Sources */,
				21F437B52B95C298004408EF /* Public+CoreDataClass.swift in Sources */,
				21F437852B93B1CA004408EF /* AllFiles+CoreDataClass.swift in Sources */,
				21F437942B94AA89004408EF /* ImageViewController.swift in Sources */,
				21F437902B94AA73004408EF /* ImageModel.swift in Sources */,
				21365E612B8F438F006CDC17 /* ThirdOnboardingPresenter.swift in Sources */,
				21F437A52B9505F8004408EF /* ProfilePresenter.swift in Sources */,
			);
			runOnlyForDeploymentPostprocessing = 0;
		};
/* End PBXSourcesBuildPhase section */

/* Begin PBXVariantGroup section */
		21F437BC2B9645EB004408EF /* Localizable.strings */ = {
			isa = PBXVariantGroup;
			children = (
				21F437BB2B9645EB004408EF /* en */,
				21F437BD2B9645EC004408EF /* ru */,
			);
			name = Localizable.strings;
			sourceTree = "<group>";
		};
/* End PBXVariantGroup section */

/* Begin XCBuildConfiguration section */
		21365E442B8F02B6006CDC17 /* Debug */ = {
			isa = XCBuildConfiguration;
			buildSettings = {
				ALWAYS_SEARCH_USER_PATHS = NO;
				ASSETCATALOG_COMPILER_GENERATE_SWIFT_ASSET_SYMBOL_EXTENSIONS = YES;
				CLANG_ANALYZER_NONNULL = YES;
				CLANG_ANALYZER_NUMBER_OBJECT_CONVERSION = YES_AGGRESSIVE;
				CLANG_CXX_LANGUAGE_STANDARD = "gnu++20";
				CLANG_ENABLE_MODULES = YES;
				CLANG_ENABLE_OBJC_ARC = YES;
				CLANG_ENABLE_OBJC_WEAK = YES;
				CLANG_WARN_BLOCK_CAPTURE_AUTORELEASING = YES;
				CLANG_WARN_BOOL_CONVERSION = YES;
				CLANG_WARN_COMMA = YES;
				CLANG_WARN_CONSTANT_CONVERSION = YES;
				CLANG_WARN_DEPRECATED_OBJC_IMPLEMENTATIONS = YES;
				CLANG_WARN_DIRECT_OBJC_ISA_USAGE = YES_ERROR;
				CLANG_WARN_DOCUMENTATION_COMMENTS = YES;
				CLANG_WARN_EMPTY_BODY = YES;
				CLANG_WARN_ENUM_CONVERSION = YES;
				CLANG_WARN_INFINITE_RECURSION = YES;
				CLANG_WARN_INT_CONVERSION = YES;
				CLANG_WARN_NON_LITERAL_NULL_CONVERSION = YES;
				CLANG_WARN_OBJC_IMPLICIT_RETAIN_SELF = YES;
				CLANG_WARN_OBJC_LITERAL_CONVERSION = YES;
				CLANG_WARN_OBJC_ROOT_CLASS = YES_ERROR;
				CLANG_WARN_QUOTED_INCLUDE_IN_FRAMEWORK_HEADER = YES;
				CLANG_WARN_RANGE_LOOP_ANALYSIS = YES;
				CLANG_WARN_STRICT_PROTOTYPES = YES;
				CLANG_WARN_SUSPICIOUS_MOVE = YES;
				CLANG_WARN_UNGUARDED_AVAILABILITY = YES_AGGRESSIVE;
				CLANG_WARN_UNREACHABLE_CODE = YES;
				CLANG_WARN__DUPLICATE_METHOD_MATCH = YES;
				COPY_PHASE_STRIP = NO;
				DEBUG_INFORMATION_FORMAT = dwarf;
				ENABLE_STRICT_OBJC_MSGSEND = YES;
				ENABLE_TESTABILITY = YES;
				ENABLE_USER_SCRIPT_SANDBOXING = YES;
				GCC_C_LANGUAGE_STANDARD = gnu17;
				GCC_DYNAMIC_NO_PIC = NO;
				GCC_NO_COMMON_BLOCKS = YES;
				GCC_OPTIMIZATION_LEVEL = 0;
				GCC_PREPROCESSOR_DEFINITIONS = (
					"DEBUG=1",
					"$(inherited)",
				);
				GCC_WARN_64_TO_32_BIT_CONVERSION = YES;
				GCC_WARN_ABOUT_RETURN_TYPE = YES_ERROR;
				GCC_WARN_UNDECLARED_SELECTOR = YES;
				GCC_WARN_UNINITIALIZED_AUTOS = YES_AGGRESSIVE;
				GCC_WARN_UNUSED_FUNCTION = YES;
				GCC_WARN_UNUSED_VARIABLE = YES;
				IPHONEOS_DEPLOYMENT_TARGET = 17.2;
				LOCALIZATION_PREFERS_STRING_CATALOGS = YES;
				MTL_ENABLE_DEBUG_INFO = INCLUDE_SOURCE;
				MTL_FAST_MATH = YES;
				ONLY_ACTIVE_ARCH = YES;
				SDKROOT = iphoneos;
				SWIFT_ACTIVE_COMPILATION_CONDITIONS = "DEBUG $(inherited)";
				SWIFT_OPTIMIZATION_LEVEL = "-Onone";
			};
			name = Debug;
		};
		21365E452B8F02B6006CDC17 /* Release */ = {
			isa = XCBuildConfiguration;
			buildSettings = {
				ALWAYS_SEARCH_USER_PATHS = NO;
				ASSETCATALOG_COMPILER_GENERATE_SWIFT_ASSET_SYMBOL_EXTENSIONS = YES;
				CLANG_ANALYZER_NONNULL = YES;
				CLANG_ANALYZER_NUMBER_OBJECT_CONVERSION = YES_AGGRESSIVE;
				CLANG_CXX_LANGUAGE_STANDARD = "gnu++20";
				CLANG_ENABLE_MODULES = YES;
				CLANG_ENABLE_OBJC_ARC = YES;
				CLANG_ENABLE_OBJC_WEAK = YES;
				CLANG_WARN_BLOCK_CAPTURE_AUTORELEASING = YES;
				CLANG_WARN_BOOL_CONVERSION = YES;
				CLANG_WARN_COMMA = YES;
				CLANG_WARN_CONSTANT_CONVERSION = YES;
				CLANG_WARN_DEPRECATED_OBJC_IMPLEMENTATIONS = YES;
				CLANG_WARN_DIRECT_OBJC_ISA_USAGE = YES_ERROR;
				CLANG_WARN_DOCUMENTATION_COMMENTS = YES;
				CLANG_WARN_EMPTY_BODY = YES;
				CLANG_WARN_ENUM_CONVERSION = YES;
				CLANG_WARN_INFINITE_RECURSION = YES;
				CLANG_WARN_INT_CONVERSION = YES;
				CLANG_WARN_NON_LITERAL_NULL_CONVERSION = YES;
				CLANG_WARN_OBJC_IMPLICIT_RETAIN_SELF = YES;
				CLANG_WARN_OBJC_LITERAL_CONVERSION = YES;
				CLANG_WARN_OBJC_ROOT_CLASS = YES_ERROR;
				CLANG_WARN_QUOTED_INCLUDE_IN_FRAMEWORK_HEADER = YES;
				CLANG_WARN_RANGE_LOOP_ANALYSIS = YES;
				CLANG_WARN_STRICT_PROTOTYPES = YES;
				CLANG_WARN_SUSPICIOUS_MOVE = YES;
				CLANG_WARN_UNGUARDED_AVAILABILITY = YES_AGGRESSIVE;
				CLANG_WARN_UNREACHABLE_CODE = YES;
				CLANG_WARN__DUPLICATE_METHOD_MATCH = YES;
				COPY_PHASE_STRIP = NO;
				DEBUG_INFORMATION_FORMAT = "dwarf-with-dsym";
				ENABLE_NS_ASSERTIONS = NO;
				ENABLE_STRICT_OBJC_MSGSEND = YES;
				ENABLE_USER_SCRIPT_SANDBOXING = YES;
				GCC_C_LANGUAGE_STANDARD = gnu17;
				GCC_NO_COMMON_BLOCKS = YES;
				GCC_WARN_64_TO_32_BIT_CONVERSION = YES;
				GCC_WARN_ABOUT_RETURN_TYPE = YES_ERROR;
				GCC_WARN_UNDECLARED_SELECTOR = YES;
				GCC_WARN_UNINITIALIZED_AUTOS = YES_AGGRESSIVE;
				GCC_WARN_UNUSED_FUNCTION = YES;
				GCC_WARN_UNUSED_VARIABLE = YES;
				IPHONEOS_DEPLOYMENT_TARGET = 17.2;
				LOCALIZATION_PREFERS_STRING_CATALOGS = YES;
				MTL_ENABLE_DEBUG_INFO = NO;
				MTL_FAST_MATH = YES;
				SDKROOT = iphoneos;
				SWIFT_COMPILATION_MODE = wholemodule;
				VALIDATE_PRODUCT = YES;
			};
			name = Release;
		};
		21365E472B8F02B6006CDC17 /* Debug */ = {
			isa = XCBuildConfiguration;
			baseConfigurationReference = 9E7C619F95D714C947495E95 /* Pods-ydisk_skillbox.debug.xcconfig */;
			buildSettings = {
				ASSETCATALOG_COMPILER_APPICON_NAME = AppIcon;
				ASSETCATALOG_COMPILER_GLOBAL_ACCENT_COLOR_NAME = AccentColor;
				CODE_SIGN_STYLE = Automatic;
				CURRENT_PROJECT_VERSION = 1;
				DEVELOPMENT_TEAM = QN6RC23FCQ;
				ENABLE_USER_SCRIPT_SANDBOXING = NO;
				GENERATE_INFOPLIST_FILE = YES;
				INFOPLIST_FILE = ydisk_skillbox/Info.plist;
				INFOPLIST_KEY_CFBundleDisplayName = "Skillbox Drive";
				INFOPLIST_KEY_UIApplicationSupportsIndirectInputEvents = YES;
				INFOPLIST_KEY_UILaunchStoryboardName = "Launch Screen.storyboard";
				INFOPLIST_KEY_UISupportedInterfaceOrientations = UIInterfaceOrientationPortrait;
				INFOPLIST_KEY_UISupportedInterfaceOrientations_iPad = "UIInterfaceOrientationLandscapeLeft UIInterfaceOrientationLandscapeRight UIInterfaceOrientationPortrait UIInterfaceOrientationPortraitUpsideDown";
				IPHONEOS_DEPLOYMENT_TARGET = 13.0;
				LD_RUNPATH_SEARCH_PATHS = (
					"$(inherited)",
					"@executable_path/Frameworks",
				);
				MARKETING_VERSION = 1.0;
				PRODUCT_BUNDLE_IDENTIFIER = "ruslanparastaev.ydisk-skillbox";
				PRODUCT_NAME = "$(TARGET_NAME)";
				SWIFT_EMIT_LOC_STRINGS = YES;
				SWIFT_VERSION = 5.0;
				TARGETED_DEVICE_FAMILY = "1,2";
			};
			name = Debug;
		};
		21365E482B8F02B6006CDC17 /* Release */ = {
			isa = XCBuildConfiguration;
			baseConfigurationReference = F7962FAF956CBDCE7B8B888F /* Pods-ydisk_skillbox.release.xcconfig */;
			buildSettings = {
				ASSETCATALOG_COMPILER_APPICON_NAME = AppIcon;
				ASSETCATALOG_COMPILER_GLOBAL_ACCENT_COLOR_NAME = AccentColor;
				CODE_SIGN_STYLE = Automatic;
				CURRENT_PROJECT_VERSION = 1;
				DEVELOPMENT_TEAM = QN6RC23FCQ;
				ENABLE_USER_SCRIPT_SANDBOXING = NO;
				GENERATE_INFOPLIST_FILE = YES;
				INFOPLIST_FILE = ydisk_skillbox/Info.plist;
				INFOPLIST_KEY_CFBundleDisplayName = "Skillbox Drive";
				INFOPLIST_KEY_UIApplicationSupportsIndirectInputEvents = YES;
				INFOPLIST_KEY_UILaunchStoryboardName = "Launch Screen.storyboard";
				INFOPLIST_KEY_UISupportedInterfaceOrientations = UIInterfaceOrientationPortrait;
				INFOPLIST_KEY_UISupportedInterfaceOrientations_iPad = "UIInterfaceOrientationLandscapeLeft UIInterfaceOrientationLandscapeRight UIInterfaceOrientationPortrait UIInterfaceOrientationPortraitUpsideDown";
				IPHONEOS_DEPLOYMENT_TARGET = 13.0;
				LD_RUNPATH_SEARCH_PATHS = (
					"$(inherited)",
					"@executable_path/Frameworks",
				);
				MARKETING_VERSION = 1.0;
				PRODUCT_BUNDLE_IDENTIFIER = "ruslanparastaev.ydisk-skillbox";
				PRODUCT_NAME = "$(TARGET_NAME)";
				SWIFT_EMIT_LOC_STRINGS = YES;
				SWIFT_VERSION = 5.0;
				TARGETED_DEVICE_FAMILY = "1,2";
			};
			name = Release;
		};
/* End XCBuildConfiguration section */

/* Begin XCConfigurationList section */
		21365E2D2B8F02B3006CDC17 /* Build configuration list for PBXProject "ydisk_skillbox" */ = {
			isa = XCConfigurationList;
			buildConfigurations = (
				21365E442B8F02B6006CDC17 /* Debug */,
				21365E452B8F02B6006CDC17 /* Release */,
			);
			defaultConfigurationIsVisible = 0;
			defaultConfigurationName = Release;
		};
		21365E462B8F02B6006CDC17 /* Build configuration list for PBXNativeTarget "ydisk_skillbox" */ = {
			isa = XCConfigurationList;
			buildConfigurations = (
				21365E472B8F02B6006CDC17 /* Debug */,
				21365E482B8F02B6006CDC17 /* Release */,
			);
			defaultConfigurationIsVisible = 0;
			defaultConfigurationName = Release;
		};
/* End XCConfigurationList section */

/* Begin XCVersionGroup section */
		21F437572B920B25004408EF /* Model.xcdatamodeld */ = {
			isa = XCVersionGroup;
			children = (
				21F437582B920B25004408EF /* Model.xcdatamodel */,
			);
			currentVersion = 21F437582B920B25004408EF /* Model.xcdatamodel */;
			path = Model.xcdatamodeld;
			sourceTree = "<group>";
			versionGroupType = wrapper.xcdatamodel;
		};
/* End XCVersionGroup section */
	};
	rootObject = 21365E2A2B8F02B3006CDC17 /* Project object */;
}
