PODS:
  - Alamofire (5.9.0)
  - PieCharts (0.0.7)
  - SnapKit (5.7.1)
  - SwiftLint (0.54.0)

DEPENDENCIES:
  - Alamofire
  - PieCharts
  - SnapKit
  - SwiftLint

SPEC REPOS:
  trunk:
    - Alamofire
    - PieCharts
    - SnapKit
    - SwiftLint

SPEC CHECKSUMS:
  Alamofire: 02b772c9910e8eba1a079227c32fbd9e46c90a24
  PieCharts: 30e50dfa7dc19e5b84e9878d32089673ef5d0453
  SnapKit: d612e99e678a2d3b95bf60b0705ed0a35c03484a
  SwiftLint: c1de071d9d08c8aba837545f6254315bc900e211

PODFILE CHECKSUM: 036fc7256139b54b80c2040533152977095c94c9

COCOAPODS: 1.15.2
